
Microsoft Visual Studio Solution File, Format Version 12.00
# Visual Studio 15
Project("{FAE04EC0-301F-11D3-BF4B-00C04F79EFBC}") = "Assembly-CSharp", "Assembly-CSharp.csproj", "{8D3642FF-6706-F301-F665-F7C9402F7B74}"
EndProject
Project("{FAE04EC0-301F-11D3-BF4B-00C04F79EFBC}") = "Assembly-CSharp-Editor", "Assembly-CSharp-Editor.csproj", "{A00B7B87-B11E-D926-B8CF-E7BCFE8FC3D0}"
EndProject
Global
	GlobalSection(SolutionConfigurationPlatforms) = preSolution
		Debug|Any CPU = Debug|Any CPU
		Release|Any CPU = Release|Any CPU
	EndGlobalSection
	GlobalSection(ProjectConfigurationPlatforms) = postSolution
		{8D3642FF-6706-F301-F665-F7C9402F7B74}.Debug|Any CPU.ActiveCfg = Debug|Any CPU
		{8D3642FF-6706-F301-F665-F7C9402F7B74}.Debug|Any CPU.Build.0 = Debug|Any CPU
		{8D3642FF-6706-F301-F665-F7C9402F7B74}.Release|Any CPU.ActiveCfg = Release|Any CPU
		{8D3642FF-6706-F301-F665-F7C9402F7B74}.Release|Any CPU.Build.0 = Release|Any CPU
		{A00B7B87-B11E-D926-B8CF-E7BCFE8FC3D0}.Debug|Any CPU.ActiveCfg = Debug|Any CPU
		{A00B7B87-B11E-D926-B8CF-E7BCFE8FC3D0}.Debug|Any CPU.Build.0 = Debug|Any CPU
		{A00B7B87-B11E-D926-B8CF-E7BCFE8FC3D0}.Release|Any CPU.ActiveCfg = Release|Any CPU
		{A00B7B87-B11E-D926-B8CF-E7BCFE8FC3D0}.Release|Any CPU.Build.0 = Release|Any CPU
	EndGlobalSection
	GlobalSection(SolutionProperties) = preSolution
		HideSolutionNode = FALSE
	EndGlobalSection
EndGlobal
